{
  "pins" : [
    {
      "identity" : "a11yutils",
      "kind" : "remoteSourceControl",
      "location" : "https://github.com/jacobsapps/A11yUtils",
      "state" : {
        "revision" : "aaa8421b06fc04a4d680c2a615ee33e29d9824d1",
        "version" : "1.0.0"
      }
    }
  ],
  "version" : 2
}
